PODS:
  - MapboxARKit (0.0.1):
    - Turf
  - Turf (0.1.0)

DEPENDENCIES:
  - MapboxARKit (from `https://github.com/mapbox/mapbox-arkit-ios.git`)

EXTERNAL SOURCES:
  MapboxARKit:
    :git: https://github.com/mapbox/mapbox-arkit-ios.git

CHECKOUT OPTIONS:
  MapboxARKit:
    :commit: 43e7c08e460a8cc4835fb7de17924937274f60ef
    :git: https://github.com/mapbox/mapbox-arkit-ios.git

SPEC CHECKSUMS:
  MapboxARKit: 12a4d1ff584b22feb62f44eed86f9e4522b1da70
  Turf: c45075872e7dc2d8fd34525511f2cceef69c2079

PODFILE CHECKSUM: cf7e9e6023adb03d82f1643b2588c650aab44f60

COCOAPODS: 1.4.0
